// !$*UTF8*$!
{
	archiveVersion = 1;
	classes = {
	};
	objectVersion = 46;
	objects = {

/* Begin PBXBuildFile section */
		1D3623260D0F684500981E51 /* MapperAppDelegate.m in Sources */ = {isa = PBXBuildFile; fileRef = 1D3623250D0F684500981E51 /* MapperAppDelegate.m */; };
		1D60589B0D05DD56006BFB54 /* main.m in Sources */ = {isa = PBXBuildFile; fileRef = 29B97316FDCFA39411CA2CEA /* main.m */; };
		1D60589F0D05DD5A006BFB54 /* Foundation.framework in Frameworks */ = {isa = PBXBuildFile; fileRef = 1D30AB110D05D00D00671497 /* Foundation.framework */; };
		1DF5F4E00D08C38300B7A737 /* UIKit.framework in Frameworks */ = {isa = PBXBuildFile; fileRef = 1DF5F4DF0D08C38300B7A737 /* UIKit.framework */; };
		288765A50DF7441C002DB57D /* CoreGraphics.framework in Frameworks */ = {isa = PBXBuildFile; fileRef = 288765A40DF7441C002DB57D /* CoreGraphics.framework */; };
		2899E5220DE3E06400AC0155 /* MapperViewController.xib in Resources */ = {isa = PBXBuildFile; fileRef = 2899E5210DE3E06400AC0155 /* MapperViewController.xib */; };
		28AD733F0D9D9553002E5188 /* MainWindow.xib in Resources */ = {isa = PBXBuildFile; fileRef = 28AD733E0D9D9553002E5188 /* MainWindow.xib */; };
		28D7ACF80DDB3853001CB0EB /* MapperViewController.m in Sources */ = {isa = PBXBuildFile; fileRef = 28D7ACF70DDB3853001CB0EB /* MapperViewController.m */; };
		7B8EBF5C14681A29007C6237 /* CountryViewController.m in Sources */ = {isa = PBXBuildFile; fileRef = 7B8EBF5A14681A29007C6237 /* CountryViewController.m */; };
		7B8EBF5D14681A29007C6237 /* CountryViewController.xib in Resources */ = {isa = PBXBuildFile; fileRef = 7B8EBF5B14681A29007C6237 /* CountryViewController.xib */; };
		7B8EBF8C14681B73007C6237 /* VectorGeographicView.m in Sources */ = {isa = PBXBuildFile; fileRef = 7B8EBF8B14681B73007C6237 /* VectorGeographicView.m */; };
		7BF08FBA146820BD006BFB46 /* StatesMarkupManagerObject.m in Sources */ = {isa = PBXBuildFile; fileRef = 7BF08FB9146820BD006BFB46 /* StatesMarkupManagerObject.m */; };
		7BF08FC8146821DD006BFB46 /* RegionViewController.m in Sources */ = {isa = PBXBuildFile; fileRef = 7BF08FC7146821DD006BFB46 /* RegionViewController.m */; };
		7BF08FCD146821FF006BFB46 /* StateViewController.m in Sources */ = {isa = PBXBuildFile; fileRef = 7BF08FCC146821FF006BFB46 /* StateViewController.m */; };
		7BF0901314682299006BFB46 /* DC.txt in Resources */ = {isa = PBXBuildFile; fileRef = 7BF08FE114682299006BFB46 /* DC.txt */; };
		7BF0901414682299006BFB46 /* Arizona.txt in Resources */ = {isa = PBXBuildFile; fileRef = 7BF08FE214682299006BFB46 /* Arizona.txt */; };
		7BF0901514682299006BFB46 /* Alabama.txt in Resources */ = {isa = PBXBuildFile; fileRef = 7BF08FE314682299006BFB46 /* Alabama.txt */; };
		7BF0901614682299006BFB46 /* Arkansas.txt in Resources */ = {isa = PBXBuildFile; fileRef = 7BF08FE414682299006BFB46 /* Arkansas.txt */; };
		7BF0901714682299006BFB46 /* California.txt in Resources */ = {isa = PBXBuildFile; fileRef = 7BF08FE514682299006BFB46 /* California.txt */; };
		7BF0901814682299006BFB46 /* Colorado.txt in Resources */ = {isa = PBXBuildFile; fileRef = 7BF08FE614682299006BFB46 /* Colorado.txt */; };
		7BF0901914682299006BFB46 /* Connecticut.txt in Resources */ = {isa = PBXBuildFile; fileRef = 7BF08FE714682299006BFB46 /* Connecticut.txt */; };
		7BF0901A14682299006BFB46 /* Delaware.txt in Resources */ = {isa = PBXBuildFile; fileRef = 7BF08FE814682299006BFB46 /* Delaware.txt */; };
		7BF0901B14682299006BFB46 /* Florida.txt in Resources */ = {isa = PBXBuildFile; fileRef = 7BF08FE914682299006BFB46 /* Florida.txt */; };
		7BF0901C14682299006BFB46 /* Georgia.txt in Resources */ = {isa = PBXBuildFile; fileRef = 7BF08FEA14682299006BFB46 /* Georgia.txt */; };
		7BF0901D14682299006BFB46 /* Hawaii.txt in Resources */ = {isa = PBXBuildFile; fileRef = 7BF08FEB14682299006BFB46 /* Hawaii.txt */; };
		7BF0901E14682299006BFB46 /* Idaho.txt in Resources */ = {isa = PBXBuildFile; fileRef = 7BF08FEC14682299006BFB46 /* Idaho.txt */; };
		7BF0901F14682299006BFB46 /* Illinois.txt in Resources */ = {isa = PBXBuildFile; fileRef = 7BF08FED14682299006BFB46 /* Illinois.txt */; };
		7BF0902014682299006BFB46 /* Indiana.txt in Resources */ = {isa = PBXBuildFile; fileRef = 7BF08FEE14682299006BFB46 /* Indiana.txt */; };
		7BF0902114682299006BFB46 /* Iowa.txt in Resources */ = {isa = PBXBuildFile; fileRef = 7BF08FEF14682299006BFB46 /* Iowa.txt */; };
		7BF0902214682299006BFB46 /* Kansas.txt in Resources */ = {isa = PBXBuildFile; fileRef = 7BF08FF014682299006BFB46 /* Kansas.txt */; };
		7BF0902314682299006BFB46 /* Kentucky.txt in Resources */ = {isa = PBXBuildFile; fileRef = 7BF08FF114682299006BFB46 /* Kentucky.txt */; };
		7BF0902414682299006BFB46 /* Louisiana.txt in Resources */ = {isa = PBXBuildFile; fileRef = 7BF08FF214682299006BFB46 /* Louisiana.txt */; };
		7BF0902514682299006BFB46 /* Maine.txt in Resources */ = {isa = PBXBuildFile; fileRef = 7BF08FF314682299006BFB46 /* Maine.txt */; };
		7BF0902614682299006BFB46 /* Maryland.txt in Resources */ = {isa = PBXBuildFile; fileRef = 7BF08FF414682299006BFB46 /* Maryland.txt */; };
		7BF0902714682299006BFB46 /* Massachusetts.txt in Resources */ = {isa = PBXBuildFile; fileRef = 7BF08FF514682299006BFB46 /* Massachusetts.txt */; };
		7BF0902814682299006BFB46 /* Michigan.txt in Resources */ = {isa = PBXBuildFile; fileRef = 7BF08FF614682299006BFB46 /* Michigan.txt */; };
		7BF0902914682299006BFB46 /* Minnesota.txt in Resources */ = {isa = PBXBuildFile; fileRef = 7BF08FF714682299006BFB46 /* Minnesota.txt */; };
		7BF0902A14682299006BFB46 /* Mississippi.txt in Resources */ = {isa = PBXBuildFile; fileRef = 7BF08FF814682299006BFB46 /* Mississippi.txt */; };
		7BF0902B14682299006BFB46 /* Missouri.txt in Resources */ = {isa = PBXBuildFile; fileRef = 7BF08FF914682299006BFB46 /* Missouri.txt */; };
		7BF0902C14682299006BFB46 /* Montana.txt in Resources */ = {isa = PBXBuildFile; fileRef = 7BF08FFA14682299006BFB46 /* Montana.txt */; };
		7BF0902D14682299006BFB46 /* Nebraska.txt in Resources */ = {isa = PBXBuildFile; fileRef = 7BF08FFB14682299006BFB46 /* Nebraska.txt */; };
		7BF0902E14682299006BFB46 /* Nevada.txt in Resources */ = {isa = PBXBuildFile; fileRef = 7BF08FFC14682299006BFB46 /* Nevada.txt */; };
		7BF0902F14682299006BFB46 /* NewHampshire.txt in Resources */ = {isa = PBXBuildFile; fileRef = 7BF08FFD14682299006BFB46 /* NewHampshire.txt */; };
		7BF0903014682299006BFB46 /* NewJersey.txt in Resources */ = {isa = PBXBuildFile; fileRef = 7BF08FFE14682299006BFB46 /* NewJersey.txt */; };
		7BF0903114682299006BFB46 /* NewMexico.txt in Resources */ = {isa = PBXBuildFile; fileRef = 7BF08FFF14682299006BFB46 /* NewMexico.txt */; };
		7BF0903214682299006BFB46 /* NewYork.txt in Resources */ = {isa = PBXBuildFile; fileRef = 7BF0900014682299006BFB46 /* NewYork.txt */; };
		7BF0903314682299006BFB46 /* NorthCarolina.txt in Resources */ = {isa = PBXBuildFile; fileRef = 7BF0900114682299006BFB46 /* NorthCarolina.txt */; };
		7BF0903414682299006BFB46 /* NorthDakota.txt in Resources */ = {isa = PBXBuildFile; fileRef = 7BF0900214682299006BFB46 /* NorthDakota.txt */; };
		7BF0903514682299006BFB46 /* Ohio.txt in Resources */ = {isa = PBXBuildFile; fileRef = 7BF0900314682299006BFB46 /* Ohio.txt */; };
		7BF0903614682299006BFB46 /* Oklahoma.txt in Resources */ = {isa = PBXBuildFile; fileRef = 7BF0900414682299006BFB46 /* Oklahoma.txt */; };
		7BF0903714682299006BFB46 /* Oregon.txt in Resources */ = {isa = PBXBuildFile; fileRef = 7BF0900514682299006BFB46 /* Oregon.txt */; };
		7BF0903814682299006BFB46 /* Pennsylvania.txt in Resources */ = {isa = PBXBuildFile; fileRef = 7BF0900614682299006BFB46 /* Pennsylvania.txt */; };
		7BF0903914682299006BFB46 /* RhodeIsland.txt in Resources */ = {isa = PBXBuildFile; fileRef = 7BF0900714682299006BFB46 /* RhodeIsland.txt */; };
		7BF0903A14682299006BFB46 /* SouthCarolina.txt in Resources */ = {isa = PBXBuildFile; fileRef = 7BF0900814682299006BFB46 /* SouthCarolina.txt */; };
		7BF0903B14682299006BFB46 /* SouthDakota.txt in Resources */ = {isa = PBXBuildFile; fileRef = 7BF0900914682299006BFB46 /* SouthDakota.txt */; };
		7BF0903C14682299006BFB46 /* Tennessee.txt in Resources */ = {isa = PBXBuildFile; fileRef = 7BF0900A14682299006BFB46 /* Tennessee.txt */; };
		7BF0903D14682299006BFB46 /* Texas.txt in Resources */ = {isa = PBXBuildFile; fileRef = 7BF0900B14682299006BFB46 /* Texas.txt */; };
		7BF0903E14682299006BFB46 /* Utah.txt in Resources */ = {isa = PBXBuildFile; fileRef = 7BF0900C14682299006BFB46 /* Utah.txt */; };
		7BF0903F14682299006BFB46 /* Vermont.txt in Resources */ = {isa = PBXBuildFile; fileRef = 7BF0900D14682299006BFB46 /* Vermont.txt */; };
		7BF0904014682299006BFB46 /* Virginia.txt in Resources */ = {isa = PBXBuildFile; fileRef = 7BF0900E14682299006BFB46 /* Virginia.txt */; };
		7BF0904114682299006BFB46 /* Washington.txt in Resources */ = {isa = PBXBuildFile; fileRef = 7BF0900F14682299006BFB46 /* Washington.txt */; };
		7BF0904214682299006BFB46 /* WestVirginia.txt in Resources */ = {isa = PBXBuildFile; fileRef = 7BF0901014682299006BFB46 /* WestVirginia.txt */; };
		7BF0904314682299006BFB46 /* Wisconsin.txt in Resources */ = {isa = PBXBuildFile; fileRef = 7BF0901114682299006BFB46 /* Wisconsin.txt */; };
		7BF0904414682299006BFB46 /* Wyoming.txt in Resources */ = {isa = PBXBuildFile; fileRef = 7BF0901214682299006BFB46 /* Wyoming.txt */; };
/* End PBXBuildFile section */

/* Begin PBXFileReference section */
		1D30AB110D05D00D00671497 /* Foundation.framework */ = {isa = PBXFileReference; lastKnownFileType = wrapper.framework; name = Foundation.framework; path = System/Library/Frameworks/Foundation.framework; sourceTree = SDKROOT; };
		1D3623240D0F684500981E51 /* MapperAppDelegate.h */ = {isa = PBXFileReference; fileEncoding = 4; lastKnownFileType = sourcecode.c.h; path = MapperAppDelegate.h; sourceTree = "<group>"; };
		1D3623250D0F684500981E51 /* MapperAppDelegate.m */ = {isa = PBXFileReference; fileEncoding = 4; lastKnownFileType = sourcecode.c.objc; path = MapperAppDelegate.m; sourceTree = "<group>"; };
		1D6058910D05DD3D006BFB54 /* Mapper.app */ = {isa = PBXFileReference; explicitFileType = wrapper.application; includeInIndex = 0; path = Mapper.app; sourceTree = BUILT_PRODUCTS_DIR; };
		1DF5F4DF0D08C38300B7A737 /* UIKit.framework */ = {isa = PBXFileReference; lastKnownFileType = wrapper.framework; name = UIKit.framework; path = System/Library/Frameworks/UIKit.framework; sourceTree = SDKROOT; };
		288765A40DF7441C002DB57D /* CoreGraphics.framework */ = {isa = PBXFileReference; lastKnownFileType = wrapper.framework; name = CoreGraphics.framework; path = System/Library/Frameworks/CoreGraphics.framework; sourceTree = SDKROOT; };
		2899E5210DE3E06400AC0155 /* MapperViewController.xib */ = {isa = PBXFileReference; lastKnownFileType = file.xib; path = MapperViewController.xib; sourceTree = "<group>"; };
		28AD733E0D9D9553002E5188 /* MainWindow.xib */ = {isa = PBXFileReference; lastKnownFileType = file.xib; path = MainWindow.xib; sourceTree = "<group>"; };
		28D7ACF60DDB3853001CB0EB /* MapperViewController.h */ = {isa = PBXFileReference; fileEncoding = 4; lastKnownFileType = sourcecode.c.h; path = MapperViewController.h; sourceTree = "<group>"; };
		28D7ACF70DDB3853001CB0EB /* MapperViewController.m */ = {isa = PBXFileReference; fileEncoding = 4; lastKnownFileType = sourcecode.c.objc; path = MapperViewController.m; sourceTree = "<group>"; };
		29B97316FDCFA39411CA2CEA /* main.m */ = {isa = PBXFileReference; fileEncoding = 4; lastKnownFileType = sourcecode.c.objc; path = main.m; sourceTree = "<group>"; };
		32CA4F630368D1EE00C91783 /* Mapper_Prefix.pch */ = {isa = PBXFileReference; fileEncoding = 4; lastKnownFileType = sourcecode.c.h; path = Mapper_Prefix.pch; sourceTree = "<group>"; };
		7B8EBF5914681A29007C6237 /* CountryViewController.h */ = {isa = PBXFileReference; fileEncoding = 4; lastKnownFileType = sourcecode.c.h; path = CountryViewController.h; sourceTree = "<group>"; };
		7B8EBF5A14681A29007C6237 /* CountryViewController.m */ = {isa = PBXFileReference; fileEncoding = 4; lastKnownFileType = sourcecode.c.objc; path = CountryViewController.m; sourceTree = "<group>"; };
		7B8EBF5B14681A29007C6237 /* CountryViewController.xib */ = {isa = PBXFileReference; lastKnownFileType = file.xib; path = CountryViewController.xib; sourceTree = "<group>"; };
		7B8EBF8A14681B73007C6237 /* VectorGeographicView.h */ = {isa = PBXFileReference; fileEncoding = 4; lastKnownFileType = sourcecode.c.h; path = VectorGeographicView.h; sourceTree = "<group>"; };
		7B8EBF8B14681B73007C6237 /* VectorGeographicView.m */ = {isa = PBXFileReference; fileEncoding = 4; lastKnownFileType = sourcecode.c.objc; path = VectorGeographicView.m; sourceTree = "<group>"; };
		7BF08FB8146820BD006BFB46 /* StatesMarkupManagerObject.h */ = {isa = PBXFileReference; fileEncoding = 4; lastKnownFileType = sourcecode.c.h; path = StatesMarkupManagerObject.h; sourceTree = "<group>"; };
		7BF08FB9146820BD006BFB46 /* StatesMarkupManagerObject.m */ = {isa = PBXFileReference; fileEncoding = 4; lastKnownFileType = sourcecode.c.objc; path = StatesMarkupManagerObject.m; sourceTree = "<group>"; };
		7BF08FC6146821DD006BFB46 /* RegionViewController.h */ = {isa = PBXFileReference; fileEncoding = 4; lastKnownFileType = sourcecode.c.h; path = RegionViewController.h; sourceTree = "<group>"; };
		7BF08FC7146821DD006BFB46 /* RegionViewController.m */ = {isa = PBXFileReference; fileEncoding = 4; lastKnownFileType = sourcecode.c.objc; path = RegionViewController.m; sourceTree = "<group>"; };
		7BF08FCB146821FF006BFB46 /* StateViewController.h */ = {isa = PBXFileReference; fileEncoding = 4; lastKnownFileType = sourcecode.c.h; path = StateViewController.h; sourceTree = "<group>"; };
		7BF08FCC146821FF006BFB46 /* StateViewController.m */ = {isa = PBXFileReference; fileEncoding = 4; lastKnownFileType = sourcecode.c.objc; path = StateViewController.m; sourceTree = "<group>"; };
		7BF08FE114682299006BFB46 /* DC.txt */ = {isa = PBXFileReference; fileEncoding = 4; lastKnownFileType = text; path = DC.txt; sourceTree = "<group>"; };
		7BF08FE214682299006BFB46 /* Arizona.txt */ = {isa = PBXFileReference; fileEncoding = 4; lastKnownFileType = text; path = Arizona.txt; sourceTree = "<group>"; };
		7BF08FE314682299006BFB46 /* Alabama.txt */ = {isa = PBXFileReference; fileEncoding = 4; lastKnownFileType = text; path = Alabama.txt; sourceTree = "<group>"; };
		7BF08FE414682299006BFB46 /* Arkansas.txt */ = {isa = PBXFileReference; fileEncoding = 4; lastKnownFileType = text; path = Arkansas.txt; sourceTree = "<group>"; };
		7BF08FE514682299006BFB46 /* California.txt */ = {isa = PBXFileReference; fileEncoding = 4; lastKnownFileType = text; path = California.txt; sourceTree = "<group>"; };
		7BF08FE614682299006BFB46 /* Colorado.txt */ = {isa = PBXFileReference; fileEncoding = 4; lastKnownFileType = text; path = Colorado.txt; sourceTree = "<group>"; };
		7BF08FE714682299006BFB46 /* Connecticut.txt */ = {isa = PBXFileReference; fileEncoding = 4; lastKnownFileType = text; path = Connecticut.txt; sourceTree = "<group>"; };
		7BF08FE814682299006BFB46 /* Delaware.txt */ = {isa = PBXFileReference; fileEncoding = 4; lastKnownFileType = text; path = Delaware.txt; sourceTree = "<group>"; };
		7BF08FE914682299006BFB46 /* Florida.txt */ = {isa = PBXFileReference; fileEncoding = 4; lastKnownFileType = text; path = Florida.txt; sourceTree = "<group>"; };
		7BF08FEA14682299006BFB46 /* Georgia.txt */ = {isa = PBXFileReference; fileEncoding = 4; lastKnownFileType = text; path = Georgia.txt; sourceTree = "<group>"; };
		7BF08FEB14682299006BFB46 /* Hawaii.txt */ = {isa = PBXFileReference; fileEncoding = 4; lastKnownFileType = text; path = Hawaii.txt; sourceTree = "<group>"; };
		7BF08FEC14682299006BFB46 /* Idaho.txt */ = {isa = PBXFileReference; fileEncoding = 4; lastKnownFileType = text; path = Idaho.txt; sourceTree = "<group>"; };
		7BF08FED14682299006BFB46 /* Illinois.txt */ = {isa = PBXFileReference; fileEncoding = 4; lastKnownFileType = text; path = Illinois.txt; sourceTree = "<group>"; };
		7BF08FEE14682299006BFB46 /* Indiana.txt */ = {isa = PBXFileReference; fileEncoding = 4; lastKnownFileType = text; path = Indiana.txt; sourceTree = "<group>"; };
		7BF08FEF14682299006BFB46 /* Iowa.txt */ = {isa = PBXFileReference; fileEncoding = 4; lastKnownFileType = text; path = Iowa.txt; sourceTree = "<group>"; };
		7BF08FF014682299006BFB46 /* Kansas.txt */ = {isa = PBXFileReference; fileEncoding = 4; lastKnownFileType = text; path = Kansas.txt; sourceTree = "<group>"; };
		7BF08FF114682299006BFB46 /* Kentucky.txt */ = {isa = PBXFileReference; fileEncoding = 4; lastKnownFileType = text; path = Kentucky.txt; sourceTree = "<group>"; };
		7BF08FF214682299006BFB46 /* Louisiana.txt */ = {isa = PBXFileReference; fileEncoding = 4; lastKnownFileType = text; path = Louisiana.txt; sourceTree = "<group>"; };
		7BF08FF314682299006BFB46 /* Maine.txt */ = {isa = PBXFileReference; fileEncoding = 4; lastKnownFileType = text; path = Maine.txt; sourceTree = "<group>"; };
		7BF08FF414682299006BFB46 /* Maryland.txt */ = {isa = PBXFileReference; fileEncoding = 4; lastKnownFileType = text; path = Maryland.txt; sourceTree = "<group>"; };
		7BF08FF514682299006BFB46 /* Massachusetts.txt */ = {isa = PBXFileReference; fileEncoding = 4; lastKnownFileType = text; path = Massachusetts.txt; sourceTree = "<group>"; };
		7BF08FF614682299006BFB46 /* Michigan.txt */ = {isa = PBXFileReference; fileEncoding = 4; lastKnownFileType = text; path = Michigan.txt; sourceTree = "<group>"; };
		7BF08FF714682299006BFB46 /* Minnesota.txt */ = {isa = PBXFileReference; fileEncoding = 4; lastKnownFileType = text; path = Minnesota.txt; sourceTree = "<group>"; };
		7BF08FF814682299006BFB46 /* Mississippi.txt */ = {isa = PBXFileReference; fileEncoding = 4; lastKnownFileType = text; path = Mississippi.txt; sourceTree = "<group>"; };
		7BF08FF914682299006BFB46 /* Missouri.txt */ = {isa = PBXFileReference; fileEncoding = 4; lastKnownFileType = text; path = Missouri.txt; sourceTree = "<group>"; };
		7BF08FFA14682299006BFB46 /* Montana.txt */ = {isa = PBXFileReference; fileEncoding = 4; lastKnownFileType = text; path = Montana.txt; sourceTree = "<group>"; };
		7BF08FFB14682299006BFB46 /* Nebraska.txt */ = {isa = PBXFileReference; fileEncoding = 4; lastKnownFileType = text; path = Nebraska.txt; sourceTree = "<group>"; };
		7BF08FFC14682299006BFB46 /* Nevada.txt */ = {isa = PBXFileReference; fileEncoding = 4; lastKnownFileType = text; path = Nevada.txt; sourceTree = "<group>"; };
		7BF08FFD14682299006BFB46 /* NewHampshire.txt */ = {isa = PBXFileReference; fileEncoding = 4; lastKnownFileType = text; path = NewHampshire.txt; sourceTree = "<group>"; };
		7BF08FFE14682299006BFB46 /* NewJersey.txt */ = {isa = PBXFileReference; fileEncoding = 4; lastKnownFileType = text; path = NewJersey.txt; sourceTree = "<group>"; };
		7BF08FFF14682299006BFB46 /* NewMexico.txt */ = {isa = PBXFileReference; fileEncoding = 4; lastKnownFileType = text; path = NewMexico.txt; sourceTree = "<group>"; };
		7BF0900014682299006BFB46 /* NewYork.txt */ = {isa = PBXFileReference; fileEncoding = 4; lastKnownFileType = text; path = NewYork.txt; sourceTree = "<group>"; };
		7BF0900114682299006BFB46 /* NorthCarolina.txt */ = {isa = PBXFileReference; fileEncoding = 4; lastKnownFileType = text; path = NorthCarolina.txt; sourceTree = "<group>"; };
		7BF0900214682299006BFB46 /* NorthDakota.txt */ = {isa = PBXFileReference; fileEncoding = 4; lastKnownFileType = text; path = NorthDakota.txt; sourceTree = "<group>"; };
		7BF0900314682299006BFB46 /* Ohio.txt */ = {isa = PBXFileReference; fileEncoding = 4; lastKnownFileType = text; path = Ohio.txt; sourceTree = "<group>"; };
		7BF0900414682299006BFB46 /* Oklahoma.txt */ = {isa = PBXFileReference; fileEncoding = 4; lastKnownFileType = text; path = Oklahoma.txt; sourceTree = "<group>"; };
		7BF0900514682299006BFB46 /* Oregon.txt */ = {isa = PBXFileReference; fileEncoding = 4; lastKnownFileType = text; path = Oregon.txt; sourceTree = "<group>"; };
		7BF0900614682299006BFB46 /* Pennsylvania.txt */ = {isa = PBXFileReference; fileEncoding = 4; lastKnownFileType = text; path = Pennsylvania.txt; sourceTree = "<group>"; };
		7BF0900714682299006BFB46 /* RhodeIsland.txt */ = {isa = PBXFileReference; fileEncoding = 4; lastKnownFileType = text; path = RhodeIsland.txt; sourceTree = "<group>"; };
		7BF0900814682299006BFB46 /* SouthCarolina.txt */ = {isa = PBXFileReference; fileEncoding = 4; lastKnownFileType = text; path = SouthCarolina.txt; sourceTree = "<group>"; };
		7BF0900914682299006BFB46 /* SouthDakota.txt */ = {isa = PBXFileReference; fileEncoding = 4; lastKnownFileType = text; path = SouthDakota.txt; sourceTree = "<group>"; };
		7BF0900A14682299006BFB46 /* Tennessee.txt */ = {isa = PBXFileReference; fileEncoding = 4; lastKnownFileType = text; path = Tennessee.txt; sourceTree = "<group>"; };
		7BF0900B14682299006BFB46 /* Texas.txt */ = {isa = PBXFileReference; fileEncoding = 4; lastKnownFileType = text; path = Texas.txt; sourceTree = "<group>"; };
		7BF0900C14682299006BFB46 /* Utah.txt */ = {isa = PBXFileReference; fileEncoding = 4; lastKnownFileType = text; path = Utah.txt; sourceTree = "<group>"; };
		7BF0900D14682299006BFB46 /* Vermont.txt */ = {isa = PBXFileReference; fileEncoding = 4; lastKnownFileType = text; path = Vermont.txt; sourceTree = "<group>"; };
		7BF0900E14682299006BFB46 /* Virginia.txt */ = {isa = PBXFileReference; fileEncoding = 4; lastKnownFileType = text; path = Virginia.txt; sourceTree = "<group>"; };
		7BF0900F14682299006BFB46 /* Washington.txt */ = {isa = PBXFileReference; fileEncoding = 4; lastKnownFileType = text; path = Washington.txt; sourceTree = "<group>"; };
		7BF0901014682299006BFB46 /* WestVirginia.txt */ = {isa = PBXFileReference; fileEncoding = 4; lastKnownFileType = text; path = WestVirginia.txt; sourceTree = "<group>"; };
		7BF0901114682299006BFB46 /* Wisconsin.txt */ = {isa = PBXFileReference; fileEncoding = 4; lastKnownFileType = text; path = Wisconsin.txt; sourceTree = "<group>"; };
		7BF0901214682299006BFB46 /* Wyoming.txt */ = {isa = PBXFileReference; fileEncoding = 4; lastKnownFileType = text; path = Wyoming.txt; sourceTree = "<group>"; };
		8D1107310486CEB800E47090 /* Mapper-Info.plist */ = {isa = PBXFileReference; fileEncoding = 4; lastKnownFileType = text.plist.xml; path = "Mapper-Info.plist"; plistStructureDefinitionIdentifier = "com.apple.xcode.plist.structure-definition.iphone.info-plist"; sourceTree = "<group>"; };
/* End PBXFileReference section */

/* Begin PBXFrameworksBuildPhase section */
		1D60588F0D05DD3D006BFB54 /* Frameworks */ = {
			isa = PBXFrameworksBuildPhase;
			buildActionMask = 2147483647;
			files = (
				1D60589F0D05DD5A006BFB54 /* Foundation.framework in Frameworks */,
				1DF5F4E00D08C38300B7A737 /* UIKit.framework in Frameworks */,
				288765A50DF7441C002DB57D /* CoreGraphics.framework in Frameworks */,
			);
			runOnlyForDeploymentPostprocessing = 0;
		};
/* End PBXFrameworksBuildPhase section */

/* Begin PBXGroup section */
		080E96DDFE201D6D7F000001 /* Classes */ = {
			isa = PBXGroup;
			children = (
				7BF08FC5146821BB006BFB46 /* VCS */,
				7BF08FC4146821B3006BFB46 /* Utils */,
				1D3623240D0F684500981E51 /* MapperAppDelegate.h */,
				1D3623250D0F684500981E51 /* MapperAppDelegate.m */,
				28D7ACF60DDB3853001CB0EB /* MapperViewController.h */,
				28D7ACF70DDB3853001CB0EB /* MapperViewController.m */,
			);
			path = Classes;
			sourceTree = "<group>";
		};
		19C28FACFE9D520D11CA2CBB /* Products */ = {
			isa = PBXGroup;
			children = (
				1D6058910D05DD3D006BFB54 /* Mapper.app */,
			);
			name = Products;
			sourceTree = "<group>";
		};
		29B97314FDCFA39411CA2CEA /* CustomTemplate */ = {
			isa = PBXGroup;
			children = (
				080E96DDFE201D6D7F000001 /* Classes */,
				29B97315FDCFA39411CA2CEA /* Other Sources */,
				29B97317FDCFA39411CA2CEA /* Resources */,
				29B97323FDCFA39411CA2CEA /* Frameworks */,
				19C28FACFE9D520D11CA2CBB /* Products */,
			);
			name = CustomTemplate;
			sourceTree = "<group>";
		};
		29B97315FDCFA39411CA2CEA /* Other Sources */ = {
			isa = PBXGroup;
			children = (
				32CA4F630368D1EE00C91783 /* Mapper_Prefix.pch */,
				29B97316FDCFA39411CA2CEA /* main.m */,
			);
			name = "Other Sources";
			sourceTree = "<group>";
		};
		29B97317FDCFA39411CA2CEA /* Resources */ = {
			isa = PBXGroup;
			children = (
				7BF08FE014682299006BFB46 /* States_Vectors */,
				2899E5210DE3E06400AC0155 /* MapperViewController.xib */,
				28AD733E0D9D9553002E5188 /* MainWindow.xib */,
				8D1107310486CEB800E47090 /* Mapper-Info.plist */,
			);
			name = Resources;
			sourceTree = "<group>";
		};
		29B97323FDCFA39411CA2CEA /* Frameworks */ = {
			isa = PBXGroup;
			children = (
				1DF5F4DF0D08C38300B7A737 /* UIKit.framework */,
				1D30AB110D05D00D00671497 /* Foundation.framework */,
				288765A40DF7441C002DB57D /* CoreGraphics.framework */,
			);
			name = Frameworks;
			sourceTree = "<group>";
		};
		7B8EBF5814681A29007C6237 /* Country */ = {
			isa = PBXGroup;
			children = (
				7B8EBF5914681A29007C6237 /* CountryViewController.h */,
				7B8EBF5A14681A29007C6237 /* CountryViewController.m */,
				7B8EBF5B14681A29007C6237 /* CountryViewController.xib */,
			);
			name = Country;
			sourceTree = "<group>";
		};
		7BF08FC2146821A8006BFB46 /* Region */ = {
			isa = PBXGroup;
			children = (
				7BF08FC6146821DD006BFB46 /* RegionViewController.h */,
				7BF08FC7146821DD006BFB46 /* RegionViewController.m */,
			);
			name = Region;
			sourceTree = "<group>";
		};
		7BF08FC3146821AE006BFB46 /* States */ = {
			isa = PBXGroup;
			children = (
				7BF08FCB146821FF006BFB46 /* StateViewController.h */,
				7BF08FCC146821FF006BFB46 /* StateViewController.m */,
			);
			name = States;
			sourceTree = "<group>";
		};
		7BF08FC4146821B3006BFB46 /* Utils */ = {
			isa = PBXGroup;
			children = (
				7BF08FB8146820BD006BFB46 /* StatesMarkupManagerObject.h */,
				7BF08FB9146820BD006BFB46 /* StatesMarkupManagerObject.m */,
				7B8EBF8A14681B73007C6237 /* VectorGeographicView.h */,
				7B8EBF8B14681B73007C6237 /* VectorGeographicView.m */,
			);
			name = Utils;
			sourceTree = "<group>";
		};
		7BF08FC5146821BB006BFB46 /* VCS */ = {
			isa = PBXGroup;
			children = (
				7BF08FC3146821AE006BFB46 /* States */,
				7BF08FC2146821A8006BFB46 /* Region */,
				7B8EBF5814681A29007C6237 /* Country */,
			);
			name = VCS;
			sourceTree = "<group>";
		};
		7BF08FE014682299006BFB46 /* States_Vectors */ = {
			isa = PBXGroup;
			children = (
				7BF08FE114682299006BFB46 /* DC.txt */,
				7BF08FE214682299006BFB46 /* Arizona.txt */,
				7BF08FE314682299006BFB46 /* Alabama.txt */,
				7BF08FE414682299006BFB46 /* Arkansas.txt */,
				7BF08FE514682299006BFB46 /* California.txt */,
				7BF08FE614682299006BFB46 /* Colorado.txt */,
				7BF08FE714682299006BFB46 /* Connecticut.txt */,
				7BF08FE814682299006BFB46 /* Delaware.txt */,
				7BF08FE914682299006BFB46 /* Florida.txt */,
				7BF08FEA14682299006BFB46 /* Georgia.txt */,
				7BF08FEB14682299006BFB46 /* Hawaii.txt */,
				7BF08FEC14682299006BFB46 /* Idaho.txt */,
				7BF08FED14682299006BFB46 /* Illinois.txt */,
				7BF08FEE14682299006BFB46 /* Indiana.txt */,
				7BF08FEF14682299006BFB46 /* Iowa.txt */,
				7BF08FF014682299006BFB46 /* Kansas.txt */,
				7BF08FF114682299006BFB46 /* Kentucky.txt */,
				7BF08FF214682299006BFB46 /* Louisiana.txt */,
				7BF08FF314682299006BFB46 /* Maine.txt */,
				7BF08FF414682299006BFB46 /* Maryland.txt */,
				7BF08FF514682299006BFB46 /* Massachusetts.txt */,
				7BF08FF614682299006BFB46 /* Michigan.txt */,
				7BF08FF714682299006BFB46 /* Minnesota.txt */,
				7BF08FF814682299006BFB46 /* Mississippi.txt */,
				7BF08FF914682299006BFB46 /* Missouri.txt */,
				7BF08FFA14682299006BFB46 /* Montana.txt */,
				7BF08FFB14682299006BFB46 /* Nebraska.txt */,
				7BF08FFC14682299006BFB46 /* Nevada.txt */,
				7BF08FFD14682299006BFB46 /* NewHampshire.txt */,
				7BF08FFE14682299006BFB46 /* NewJersey.txt */,
				7BF08FFF14682299006BFB46 /* NewMexico.txt */,
				7BF0900014682299006BFB46 /* NewYork.txt */,
				7BF0900114682299006BFB46 /* NorthCarolina.txt */,
				7BF0900214682299006BFB46 /* NorthDakota.txt */,
				7BF0900314682299006BFB46 /* Ohio.txt */,
				7BF0900414682299006BFB46 /* Oklahoma.txt */,
				7BF0900514682299006BFB46 /* Oregon.txt */,
				7BF0900614682299006BFB46 /* Pennsylvania.txt */,
				7BF0900714682299006BFB46 /* RhodeIsland.txt */,
				7BF0900814682299006BFB46 /* SouthCarolina.txt */,
				7BF0900914682299006BFB46 /* SouthDakota.txt */,
				7BF0900A14682299006BFB46 /* Tennessee.txt */,
				7BF0900B14682299006BFB46 /* Texas.txt */,
				7BF0900C14682299006BFB46 /* Utah.txt */,
				7BF0900D14682299006BFB46 /* Vermont.txt */,
				7BF0900E14682299006BFB46 /* Virginia.txt */,
				7BF0900F14682299006BFB46 /* Washington.txt */,
				7BF0901014682299006BFB46 /* WestVirginia.txt */,
				7BF0901114682299006BFB46 /* Wisconsin.txt */,
				7BF0901214682299006BFB46 /* Wyoming.txt */,
			);
			name = States_Vectors;
			sourceTree = "<group>";
		};
/* End PBXGroup section */

/* Begin PBXNativeTarget section */
		1D6058900D05DD3D006BFB54 /* Mapper */ = {
			isa = PBXNativeTarget;
			buildConfigurationList = 1D6058960D05DD3E006BFB54 /* Build configuration list for PBXNativeTarget "Mapper" */;
			buildPhases = (
				1D60588D0D05DD3D006BFB54 /* Resources */,
				1D60588E0D05DD3D006BFB54 /* Sources */,
				1D60588F0D05DD3D006BFB54 /* Frameworks */,
			);
			buildRules = (
			);
			dependencies = (
			);
			name = Mapper;
			productName = Mapper;
			productReference = 1D6058910D05DD3D006BFB54 /* Mapper.app */;
			productType = "com.apple.product-type.application";
		};
/* End PBXNativeTarget section */

/* Begin PBXProject section */
		29B97313FDCFA39411CA2CEA /* Project object */ = {
			isa = PBXProject;
			buildConfigurationList = C01FCF4E08A954540054247B /* Build configuration list for PBXProject "Mapper" */;
			compatibilityVersion = "Xcode 3.2";
			developmentRegion = English;
			hasScannedForEncodings = 1;
			knownRegions = (
				English,
				Japanese,
				French,
				German,
			);
			mainGroup = 29B97314FDCFA39411CA2CEA /* CustomTemplate */;
			projectDirPath = "";
			projectRoot = "";
			targets = (
				1D6058900D05DD3D006BFB54 /* Mapper */,
			);
		};
/* End PBXProject section */

/* Begin PBXResourcesBuildPhase section */
		1D60588D0D05DD3D006BFB54 /* Resources */ = {
			isa = PBXResourcesBuildPhase;
			buildActionMask = 2147483647;
			files = (
				28AD733F0D9D9553002E5188 /* MainWindow.xib in Resources */,
				2899E5220DE3E06400AC0155 /* MapperViewController.xib in Resources */,
				7B8EBF5D14681A29007C6237 /* CountryViewController.xib in Resources */,
				7BF0901314682299006BFB46 /* DC.txt in Resources */,
				7BF0901414682299006BFB46 /* Arizona.txt in Resources */,
				7BF0901514682299006BFB46 /* Alabama.txt in Resources */,
				7BF0901614682299006BFB46 /* Arkansas.txt in Resources */,
				7BF0901714682299006BFB46 /* California.txt in Resources */,
				7BF0901814682299006BFB46 /* Colorado.txt in Resources */,
				7BF0901914682299006BFB46 /* Connecticut.txt in Resources */,
				7BF0901A14682299006BFB46 /* Delaware.txt in Resources */,
				7BF0901B14682299006BFB46 /* Florida.txt in Resources */,
				7BF0901C14682299006BFB46 /* Georgia.txt in Resources */,
				7BF0901D14682299006BFB46 /* Hawaii.txt in Resources */,
				7BF0901E14682299006BFB46 /* Idaho.txt in Resources */,
				7BF0901F14682299006BFB46 /* Illinois.txt in Resources */,
				7BF0902014682299006BFB46 /* Indiana.txt in Resources */,
				7BF0902114682299006BFB46 /* Iowa.txt in Resources */,
				7BF0902214682299006BFB46 /* Kansas.txt in Resources */,
				7BF0902314682299006BFB46 /* Kentucky.txt in Resources */,
				7BF0902414682299006BFB46 /* Louisiana.txt in Resources */,
				7BF0902514682299006BFB46 /* Maine.txt in Resources */,
				7BF0902614682299006BFB46 /* Maryland.txt in Resources */,
				7BF0902714682299006BFB46 /* Massachusetts.txt in Resources */,
				7BF0902814682299006BFB46 /* Michigan.txt in Resources */,
				7BF0902914682299006BFB46 /* Minnesota.txt in Resources */,
				7BF0902A14682299006BFB46 /* Mississippi.txt in Resources */,
				7BF0902B14682299006BFB46 /* Missouri.txt in Resources */,
				7BF0902C14682299006BFB46 /* Montana.txt in Resources */,
				7BF0902D14682299006BFB46 /* Nebraska.txt in Resources */,
				7BF0902E14682299006BFB46 /* Nevada.txt in Resources */,
				7BF0902F14682299006BFB46 /* NewHampshire.txt in Resources */,
				7BF0903014682299006BFB46 /* NewJersey.txt in Resources */,
				7BF0903114682299006BFB46 /* NewMexico.txt in Resources */,
				7BF0903214682299006BFB46 /* NewYork.txt in Resources */,
				7BF0903314682299006BFB46 /* NorthCarolina.txt in Resources */,
				7BF0903414682299006BFB46 /* NorthDakota.txt in Resources */,
				7BF0903514682299006BFB46 /* Ohio.txt in Resources */,
				7BF0903614682299006BFB46 /* Oklahoma.txt in Resources */,
				7BF0903714682299006BFB46 /* Oregon.txt in Resources */,
				7BF0903814682299006BFB46 /* Pennsylvania.txt in Resources */,
				7BF0903914682299006BFB46 /* RhodeIsland.txt in Resources */,
				7BF0903A14682299006BFB46 /* SouthCarolina.txt in Resources */,
				7BF0903B14682299006BFB46 /* SouthDakota.txt in Resources */,
				7BF0903C14682299006BFB46 /* Tennessee.txt in Resources */,
				7BF0903D14682299006BFB46 /* Texas.txt in Resources */,
				7BF0903E14682299006BFB46 /* Utah.txt in Resources */,
				7BF0903F14682299006BFB46 /* Vermont.txt in Resources */,
				7BF0904014682299006BFB46 /* Virginia.txt in Resources */,
				7BF0904114682299006BFB46 /* Washington.txt in Resources */,
				7BF0904214682299006BFB46 /* WestVirginia.txt in Resources */,
				7BF0904314682299006BFB46 /* Wisconsin.txt in Resources */,
				7BF0904414682299006BFB46 /* Wyoming.txt in Resources */,
			);
			runOnlyForDeploymentPostprocessing = 0;
		};
/* End PBXResourcesBuildPhase section */

/* Begin PBXSourcesBuildPhase section */
		1D60588E0D05DD3D006BFB54 /* Sources */ = {
			isa = PBXSourcesBuildPhase;
			buildActionMask = 2147483647;
			files = (
				1D60589B0D05DD56006BFB54 /* main.m in Sources */,
				1D3623260D0F684500981E51 /* MapperAppDelegate.m in Sources */,
				28D7ACF80DDB3853001CB0EB /* MapperViewController.m in Sources */,
				7B8EBF5C14681A29007C6237 /* CountryViewController.m in Sources */,
				7B8EBF8C14681B73007C6237 /* VectorGeographicView.m in Sources */,
				7BF08FBA146820BD006BFB46 /* StatesMarkupManagerObject.m in Sources */,
				7BF08FC8146821DD006BFB46 /* RegionViewController.m in Sources */,
				7BF08FCD146821FF006BFB46 /* StateViewController.m in Sources */,
			);
			runOnlyForDeploymentPostprocessing = 0;
		};
/* End PBXSourcesBuildPhase section */

/* Begin XCBuildConfiguration section */
		1D6058940D05DD3E006BFB54 /* Debug */ = {
			isa = XCBuildConfiguration;
			buildSettings = {
				ALWAYS_SEARCH_USER_PATHS = NO;
				COPY_PHASE_STRIP = NO;
				GCC_DYNAMIC_NO_PIC = NO;
				GCC_OPTIMIZATION_LEVEL = 0;
				GCC_PRECOMPILE_PREFIX_HEADER = YES;
				GCC_PREFIX_HEADER = Mapper_Prefix.pch;
				INFOPLIST_FILE = "Mapper-Info.plist";
				PRODUCT_NAME = Mapper;
			};
			name = Debug;
		};
		1D6058950D05DD3E006BFB54 /* Release */ = {
			isa = XCBuildConfiguration;
			buildSettings = {
				ALWAYS_SEARCH_USER_PATHS = NO;
				COPY_PHASE_STRIP = YES;
				GCC_PRECOMPILE_PREFIX_HEADER = YES;
				GCC_PREFIX_HEADER = Mapper_Prefix.pch;
				INFOPLIST_FILE = "Mapper-Info.plist";
				PRODUCT_NAME = Mapper;
				VALIDATE_PRODUCT = YES;
			};
			name = Release;
		};
		C01FCF4F08A954540054247B /* Debug */ = {
			isa = XCBuildConfiguration;
			buildSettings = {
				ARCHS = "$(ARCHS_UNIVERSAL_IPHONE_OS)";
				"CODE_SIGN_IDENTITY[sdk=iphoneos*]" = "iPhone Developer";
				GCC_C_LANGUAGE_STANDARD = c99;
				GCC_WARN_ABOUT_RETURN_TYPE = YES;
				GCC_WARN_UNUSED_VARIABLE = YES;
				PREBINDING = NO;
				SDKROOT = iphoneos;
				TARGETED_DEVICE_FAMILY = 2;
			};
			name = Debug;
		};
		C01FCF5008A954540054247B /* Release */ = {
			isa = XCBuildConfiguration;
			buildSettings = {
				ARCHS = "$(ARCHS_UNIVERSAL_IPHONE_OS)";
				"CODE_SIGN_IDENTITY[sdk=iphoneos*]" = "iPhone Developer";
				GCC_C_LANGUAGE_STANDARD = c99;
				GCC_WARN_ABOUT_RETURN_TYPE = YES;
				GCC_WARN_UNUSED_VARIABLE = YES;
				OTHER_CFLAGS = "-DNS_BLOCK_ASSERTIONS=1";
				PREBINDING = NO;
				SDKROOT = iphoneos;
				TARGETED_DEVICE_FAMILY = 2;
			};
			name = Release;
		};
/* End XCBuildConfiguration section */

/* Begin XCConfigurationList section */
		1D6058960D05DD3E006BFB54 /* Build configuration list for PBXNativeTarget "Mapper" */ = {
			isa = XCConfigurationList;
			buildConfigurations = (
				1D6058940D05DD3E006BFB54 /* Debug */,
				1D6058950D05DD3E006BFB54 /* Release */,
			);
			defaultConfigurationIsVisible = 0;
			defaultConfigurationName = Release;
		};
		C01FCF4E08A954540054247B /* Build configuration list for PBXProject "Mapper" */ = {
			isa = XCConfigurationList;
			buildConfigurations = (
				C01FCF4F08A954540054247B /* Debug */,
				C01FCF5008A954540054247B /* Release */,
			);
			defaultConfigurationIsVisible = 0;
			defaultConfigurationName = Release;
		};
/* End XCConfigurationList section */
	};
	rootObject = 29B97313FDCFA39411CA2CEA /* Project object */;
}
